
Microsoft Visual Studio Solution File, Format Version 12.00
# Visual Studio Version 17
VisualStudioVersion = 17.11.35312.102
MinimumVisualStudioVersion = 10.0.40219.1
Project("{8BC9CEB8-8B4A-11D0-8D11-00A0C91BC942}") = "Lab_1", "Lab_1\Lab_1.vcxproj", "{E268D959-D737-4F65-BA02-0C5F1CD0EBB8}"
EndProject
Project("{8BC9CEB8-8B4A-11D0-8D11-00A0C91BC942}") = "Domain", "Domain\Domain.vcxproj", "{95FECDFE-E212-4C75-B37D-CC250B5EACCD}"
EndProject
Project("{8BC9CEB8-8B4A-11D0-8D11-00A0C91BC942}") = "Test", "Test\Test.vcxproj", "{8516FC0F-A47D-460C-9DC2-ADFD7705F9D6}"
EndProject
Global
	GlobalSection(SolutionConfigurationPlatforms) = preSolution
		Debug|x64 = Debug|x64
		Debug|x86 = Debug|x86
		Release|x64 = Release|x64
		Release|x86 = Release|x86
	EndGlobalSection
	GlobalSection(ProjectConfigurationPlatforms) = postSolution
		{E268D959-D737-4F65-BA02-0C5F1CD0EBB8}.Debug|x64.ActiveCfg = Debug|x64
		{E268D959-D737-4F65-BA02-0C5F1CD0EBB8}.Debug|x64.Build.0 = Debug|x64
		{E268D959-D737-4F65-BA02-0C5F1CD0EBB8}.Debug|x86.ActiveCfg = Debug|Win32
		{E268D959-D737-4F65-BA02-0C5F1CD0EBB8}.Debug|x86.Build.0 = Debug|Win32
		{E268D959-D737-4F65-BA02-0C5F1CD0EBB8}.Release|x64.ActiveCfg = Release|x64
		{E268D959-D737-4F65-BA02-0C5F1CD0EBB8}.Release|x64.Build.0 = Release|x64
		{E268D959-D737-4F65-BA02-0C5F1CD0EBB8}.Release|x86.ActiveCfg = Release|Win32
		{E268D959-D737-4F65-BA02-0C5F1CD0EBB8}.Release|x86.Build.0 = Release|Win32
		{95FECDFE-E212-4C75-B37D-CC250B5EACCD}.Debug|x64.ActiveCfg = Debug|x64
		{95FECDFE-E212-4C75-B37D-CC250B5EACCD}.Debug|x64.Build.0 = Debug|x64
		{95FECDFE-E212-4C75-B37D-CC250B5EACCD}.Debug|x86.ActiveCfg = Debug|Win32
		{95FECDFE-E212-4C75-B37D-CC250B5EACCD}.Debug|x86.Build.0 = Debug|Win32
		{95FECDFE-E212-4C75-B37D-CC250B5EACCD}.Release|x64.ActiveCfg = Release|x64
		{95FECDFE-E212-4C75-B37D-CC250B5EACCD}.Release|x64.Build.0 = Release|x64
		{95FECDFE-E212-4C75-B37D-CC250B5EACCD}.Release|x86.ActiveCfg = Release|Win32
		{95FECDFE-E212-4C75-B37D-CC250B5EACCD}.Release|x86.Build.0 = Release|Win32
		{8516FC0F-A47D-460C-9DC2-ADFD7705F9D6}.Debug|x64.ActiveCfg = Debug|x64
		{8516FC0F-A47D-460C-9DC2-ADFD7705F9D6}.Debug|x64.Build.0 = Debug|x64
		{8516FC0F-A47D-460C-9DC2-ADFD7705F9D6}.Debug|x86.ActiveCfg = Debug|Win32
		{8516FC0F-A47D-460C-9DC2-ADFD7705F9D6}.Debug|x86.Build.0 = Debug|Win32
		{8516FC0F-A47D-460C-9DC2-ADFD7705F9D6}.Release|x64.ActiveCfg = Release|x64
		{8516FC0F-A47D-460C-9DC2-ADFD7705F9D6}.Release|x64.Build.0 = Release|x64
		{8516FC0F-A47D-460C-9DC2-ADFD7705F9D6}.Release|x86.ActiveCfg = Release|Win32
		{8516FC0F-A47D-460C-9DC2-ADFD7705F9D6}.Release|x86.Build.0 = Release|Win32
	EndGlobalSection
	GlobalSection(SolutionProperties) = preSolution
		HideSolutionNode = FALSE
	EndGlobalSection
	GlobalSection(ExtensibilityGlobals) = postSolution
		SolutionGuid = {A58EFC86-D10E-4C7A-915E-0394176C2461}
	EndGlobalSection
EndGlobal
